{
    "_meta": {
        "hash": {
            "sha256": "9f50298c7065bc2fc37872af1de3cf143262c9424ee570dabd6beb19a48dcc85"
        },
        "pipfile-spec": 6,
        "requires": {},
        "sources": [
            {
                "name": "pypi",
                "url": "https://pypi.org/simple",
                "verify_ssl": true
            }
        ]
    },
    "default": {
        "click": {
            "hashes": [
                "sha256:d2b5255c7c6349bc1bd1e59e08cd12acbbd63ce649f2588755783aa94dfb6b1a",
                "sha256:dacca89f4bfadd5de3d7489b7c8a566eee0d3676333fbb50030263894c38c0dc"
            ],
            "version": "==7.1.2"
        },
        "mercantile": {
            "hashes": [
                "sha256:9d773dd96d68350c8e3871099a39c0df7d0d9938158478aa1c1a9bcce773122d",
                "sha256:f6713dd64511fda3ee3aed001122fdeb6dc1e36fc19df4772759764cfb674c35"
            ],
            "index": "pypi",
            "version": "==1.1.4"
        },
        "tqdm": {
            "hashes": [
                "sha256:00339634a22c10a7a22476ee946bbde2dbe48d042ded784e4d88e0236eca5d81",
                "sha256:ea9e3fd6bd9a37e8783d75bfc4c1faf3c6813da6bd1c3e776488b41ec683af94"
            ],
            "index": "pypi",
            "version": "==4.45.0"
        }
    },
    "develop": {}
}
