{
    "_meta": {
        "hash": {
            "sha256": "7cffd18d7d3f70b619ce481dae52c7120f2d6c1d26694d2d2cfb74dc8587e05e"
        },
        "pipfile-spec": 6,
        "requires": {},
        "sources": [
            {
                "name": "pypi",
                "url": "https://pypi.org/simple",
                "verify_ssl": true
            }
        ]
    },
    "default": {
        "click": {
            "hashes": [
                "sha256:d2b5255c7c6349bc1bd1e59e08cd12acbbd63ce649f2588755783aa94dfb6b1a",
                "sha256:dacca89f4bfadd5de3d7489b7c8a566eee0d3676333fbb50030263894c38c0dc"
            ],
            "version": "==7.1.2"
        },
        "mercantile": {
            "hashes": [
                "sha256:9d773dd96d68350c8e3871099a39c0df7d0d9938158478aa1c1a9bcce773122d",
                "sha256:f6713dd64511fda3ee3aed001122fdeb6dc1e36fc19df4772759764cfb674c35"
            ],
            "index": "pypi",
            "version": "==1.1.4"
        }
    },
    "develop": {}
}
